// !$*UTF8*$!
{
	archiveVersion = 1;
	classes = {
	};
	objectVersion = 46;
	objects = {

/* Begin PBXBuildFile section */
		EEBE4C521C565A2C00E8BD24 /* main.m in Sources */ = {isa = PBXBuildFile; fileRef = EEBE4C511C565A2C00E8BD24 /* main.m */; };
		EEBE4C551C565A2C00E8BD24 /* AppDelegate.m in Sources */ = {isa = PBXBuildFile; fileRef = EEBE4C541C565A2C00E8BD24 /* AppDelegate.m */; };
		EEBE4C581C565A2C00E8BD24 /* ViewController.m in Sources */ = {isa = PBXBuildFile; fileRef = EEBE4C571C565A2C00E8BD24 /* ViewController.m */; };
		EEBE4C5B1C565A2C00E8BD24 /* Main.storyboard in Resources */ = {isa = PBXBuildFile; fileRef = EEBE4C591C565A2C00E8BD24 /* Main.storyboard */; };
		EEBE4C5D1C565A2C00E8BD24 /* Assets.xcassets in Resources */ = {isa = PBXBuildFile; fileRef = EEBE4C5C1C565A2C00E8BD24 /* Assets.xcassets */; };
		EEBE4C601C565A2C00E8BD24 /* LaunchScreen.storyboard in Resources */ = {isa = PBXBuildFile; fileRef = EEBE4C5E1C565A2C00E8BD24 /* LaunchScreen.storyboard */; };
/* End PBXBuildFile section */

/* Begin PBXFileReference section */
		EEBE4C4D1C565A2B00E8BD24 /* TestTaskWithJSON.app */ = {isa = PBXFileReference; explicitFileType = wrapper.application; includeInIndex = 0; path = TestTaskWithJSON.app; sourceTree = BUILT_PRODUCTS_DIR; };
		EEBE4C511C565A2C00E8BD24 /* main.m */ = {isa = PBXFileReference; lastKnownFileType = sourcecode.c.objc; path = main.m; sourceTree = "<group>"; };
		EEBE4C531C565A2C00E8BD24 /* AppDelegate.h */ = {isa = PBXFileReference; lastKnownFileType = sourcecode.c.h; path = AppDelegate.h; sourceTree = "<group>"; };
		EEBE4C541C565A2C00E8BD24 /* AppDelegate.m */ = {isa = PBXFileReference; lastKnownFileType = sourcecode.c.objc; path = AppDelegate.m; sourceTree = "<group>"; };
		EEBE4C561C565A2C00E8BD24 /* ViewController.h */ = {isa = PBXFileReference; lastKnownFileType = sourcecode.c.h; path = ViewController.h; sourceTree = "<group>"; };
		EEBE4C571C565A2C00E8BD24 /* ViewController.m */ = {isa = PBXFileReference; lastKnownFileType = sourcecode.c.objc; path = ViewController.m; sourceTree = "<group>"; };
		EEBE4C5A1C565A2C00E8BD24 /* Base */ = {isa = PBXFileReference; lastKnownFileType = file.storyboard; name = Base; path = Base.lproj/Main.storyboard; sourceTree = "<group>"; };
		EEBE4C5C1C565A2C00E8BD24 /* Assets.xcassets */ = {isa = PBXFileReference; lastKnownFileType = folder.assetcatalog; path = Assets.xcassets; sourceTree = "<group>"; };
		EEBE4C5F1C565A2C00E8BD24 /* Base */ = {isa = PBXFileReference; lastKnownFileType = file.storyboard; name = Base; path = Base.lproj/LaunchScreen.storyboard; sourceTree = "<group>"; };
		EEBE4C611C565A2C00E8BD24 /* Info.plist */ = {isa = PBXFileReference; lastKnownFileType = text.plist.xml; path = Info.plist; sourceTree = "<group>"; };
/* End PBXFileReference section */

/* Begin PBXFrameworksBuildPhase section */
		EEBE4C4A1C565A2B00E8BD24 /* Frameworks */ = {
			isa = PBXFrameworksBuildPhase;
			buildActionMask = 2147483647;
			files = (
			);
			runOnlyForDeploymentPostprocessing = 0;
		};
/* End PBXFrameworksBuildPhase section */

/* Begin PBXGroup section */
		EEBE4C441C565A2B00E8BD24 = {
			isa = PBXGroup;
			children = (
				EEBE4C4F1C565A2C00E8BD24 /* TestTaskWithJSON */,
				EEBE4C4E1C565A2C00E8BD24 /* Products */,
			);
			sourceTree = "<group>";
		};
		EEBE4C4E1C565A2C00E8BD24 /* Products */ = {
			isa = PBXGroup;
			children = (
				EEBE4C4D1C565A2B00E8BD24 /* TestTaskWithJSON.app */,
			);
			name = Products;
			sourceTree = "<group>";
		};
		EEBE4C4F1C565A2C00E8BD24 /* TestTaskWithJSON */ = {
			isa = PBXGroup;
			children = (
				EEBE4C531C565A2C00E8BD24 /* AppDelegate.h */,
				EEBE4C541C565A2C00E8BD24 /* AppDelegate.m */,
				EEBE4C561C565A2C00E8BD24 /* ViewController.h */,
				EEBE4C571C565A2C00E8BD24 /* ViewController.m */,
				EEBE4C591C565A2C00E8BD24 /* Main.storyboard */,
				EEBE4C5C1C565A2C00E8BD24 /* Assets.xcassets */,
				EEBE4C5E1C565A2C00E8BD24 /* LaunchScreen.storyboard */,
				EEBE4C611C565A2C00E8BD24 /* Info.plist */,
				EEBE4C501C565A2C00E8BD24 /* Supporting Files */,
			);
			path = TestTaskWithJSON;
			sourceTree = "<group>";
		};
		EEBE4C501C565A2C00E8BD24 /* Supporting Files */ = {
			isa = PBXGroup;
			children = (
				EEBE4C511C565A2C00E8BD24 /* main.m */,
			);
			name = "Supporting Files";
			sourceTree = "<group>";
		};
/* End PBXGroup section */

/* Begin PBXNativeTarget section */
		EEBE4C4C1C565A2B00E8BD24 /* TestTaskWithJSON */ = {
			isa = PBXNativeTarget;
			buildConfigurationList = EEBE4C641C565A2C00E8BD24 /* Build configuration list for PBXNativeTarget "TestTaskWithJSON" */;
			buildPhases = (
				EEBE4C491C565A2B00E8BD24 /* Sources */,
				EEBE4C4A1C565A2B00E8BD24 /* Frameworks */,
				EEBE4C4B1C565A2B00E8BD24 /* Resources */,
			);
			buildRules = (
			);
			dependencies = (
			);
			name = TestTaskWithJSON;
			productName = TestTaskWithJSON;
			productReference = EEBE4C4D1C565A2B00E8BD24 /* TestTaskWithJSON.app */;
			productType = "com.apple.product-type.application";
		};
/* End PBXNativeTarget section */

/* Begin PBXProject section */
		EEBE4C451C565A2B00E8BD24 /* Project object */ = {
			isa = PBXProject;
			attributes = {
				LastUpgradeCheck = 0720;
				ORGANIZATIONNAME = "Konstantin Kolontay";
				TargetAttributes = {
					EEBE4C4C1C565A2B00E8BD24 = {
						CreatedOnToolsVersion = 7.2;
					};
				};
			};
			buildConfigurationList = EEBE4C481C565A2B00E8BD24 /* Build configuration list for PBXProject "TestTaskWithJSON" */;
			compatibilityVersion = "Xcode 3.2";
			developmentRegion = English;
			hasScannedForEncodings = 0;
			knownRegions = (
				en,
				Base,
			);
			mainGroup = EEBE4C441C565A2B00E8BD24;
			productRefGroup = EEBE4C4E1C565A2C00E8BD24 /* Products */;
			projectDirPath = "";
			projectRoot = "";
			targets = (
				EEBE4C4C1C565A2B00E8BD24 /* TestTaskWithJSON */,
			);
		};
/* End PBXProject section */

/* Begin PBXResourcesBuildPhase section */
		EEBE4C4B1C565A2B00E8BD24 /* Resources */ = {
			isa = PBXResourcesBuildPhase;
			buildActionMask = 2147483647;
			files = (
				EEBE4C601C565A2C00E8BD24 /* LaunchScreen.storyboard in Resources */,
				EEBE4C5D1C565A2C00E8BD24 /* Assets.xcassets in Resources */,
				EEBE4C5B1C565A2C00E8BD24 /* Main.storyboard in Resources */,
			);
			runOnlyForDeploymentPostprocessing = 0;
		};
/* End PBXResourcesBuildPhase section */

/* Begin PBXSourcesBuildPhase section */
		EEBE4C491C565A2B00E8BD24 /* Sources */ = {
			isa = PBXSourcesBuildPhase;
			buildActionMask = 2147483647;
			files = (
				EEBE4C581C565A2C00E8BD24 /* ViewController.m in Sources */,
				EEBE4C551C565A2C00E8BD24 /* AppDelegate.m in Sources */,
				EEBE4C521C565A2C00E8BD24 /* main.m in Sources */,
			);
			runOnlyForDeploymentPostprocessing = 0;
		};
/* End PBXSourcesBuildPhase section */

/* Begin PBXVariantGroup section */
		EEBE4C591C565A2C00E8BD24 /* Main.storyboard */ = {
			isa = PBXVariantGroup;
			children = (
				EEBE4C5A1C565A2C00E8BD24 /* Base */,
			);
			name = Main.storyboard;
			sourceTree = "<group>";
		};
		EEBE4C5E1C565A2C00E8BD24 /* LaunchScreen.storyboard */ = {
			isa = PBXVariantGroup;
			children = (
				EEBE4C5F1C565A2C00E8BD24 /* Base */,
			);
			name = LaunchScreen.storyboard;
			sourceTree = "<group>";
		};
/* End PBXVariantGroup section */

/* Begin XCBuildConfiguration section */
		EEBE4C621C565A2C00E8BD24 /* Debug */ = {
			isa = XCBuildConfiguration;
			buildSettings = {
				ALWAYS_SEARCH_USER_PATHS = NO;
				CLANG_CXX_LANGUAGE_STANDARD = "gnu++0x";
				CLANG_CXX_LIBRARY = "libc++";
				CLANG_ENABLE_MODULES = YES;
				CLANG_ENABLE_OBJC_ARC = YES;
				CLANG_WARN_BOOL_CONVERSION = YES;
				CLANG_WARN_CONSTANT_CONVERSION = YES;
				CLANG_WARN_DIRECT_OBJC_ISA_USAGE = YES_ERROR;
				CLANG_WARN_EMPTY_BODY = YES;
				CLANG_WARN_ENUM_CONVERSION = YES;
				CLANG_WARN_INT_CONVERSION = YES;
				CLANG_WARN_OBJC_ROOT_CLASS = YES_ERROR;
				CLANG_WARN_UNREACHABLE_CODE = YES;
				CLANG_WARN__DUPLICATE_METHOD_MATCH = YES;
				"CODE_SIGN_IDENTITY[sdk=iphoneos*]" = "iPhone Developer";
				COPY_PHASE_STRIP = NO;
				DEBUG_INFORMATION_FORMAT = dwarf;
				ENABLE_STRICT_OBJC_MSGSEND = YES;
				ENABLE_TESTABILITY = YES;
				GCC_C_LANGUAGE_STANDARD = gnu99;
				GCC_DYNAMIC_NO_PIC = NO;
				GCC_NO_COMMON_BLOCKS = YES;
				GCC_OPTIMIZATION_LEVEL = 0;
				GCC_PREPROCESSOR_DEFINITIONS = (
					"DEBUG=1",
					"$(inherited)",
				);
				GCC_WARN_64_TO_32_BIT_CONVERSION = YES;
				GCC_WARN_ABOUT_RETURN_TYPE = YES_ERROR;
				GCC_WARN_UNDECLARED_SELECTOR = YES;
				GCC_WARN_UNINITIALIZED_AUTOS = YES_AGGRESSIVE;
				GCC_WARN_UNUSED_FUNCTION = YES;
				GCC_WARN_UNUSED_VARIABLE = YES;
				IPHONEOS_DEPLOYMENT_TARGET = 9.2;
				MTL_ENABLE_DEBUG_INFO = YES;
				ONLY_ACTIVE_ARCH = YES;
				SDKROOT = iphoneos;
				TARGETED_DEVICE_FAMILY = "1,2";
			};
			name = Debug;
		};
		EEBE4C631C565A2C00E8BD24 /* Release */ = {
			isa = XCBuildConfiguration;
			buildSettings = {
				ALWAYS_SEARCH_USER_PATHS = NO;
				CLANG_CXX_LANGUAGE_STANDARD = "gnu++0x";
				CLANG_CXX_LIBRARY = "libc++";
				CLANG_ENABLE_MODULES = YES;
				CLANG_ENABLE_OBJC_ARC = YES;
				CLANG_WARN_BOOL_CONVERSION = YES;
				CLANG_WARN_CONSTANT_CONVERSION = YES;
				CLANG_WARN_DIRECT_OBJC_ISA_USAGE = YES_ERROR;
				CLANG_WARN_EMPTY_BODY = YES;
				CLANG_WARN_ENUM_CONVERSION = YES;
				CLANG_WARN_INT_CONVERSION = YES;
				CLANG_WARN_OBJC_ROOT_CLASS = YES_ERROR;
				CLANG_WARN_UNREACHABLE_CODE = YES;
				CLANG_WARN__DUPLICATE_METHOD_MATCH = YES;
				"CODE_SIGN_IDENTITY[sdk=iphoneos*]" = "iPhone Developer";
				COPY_PHASE_STRIP = NO;
				DEBUG_INFORMATION_FORMAT = "dwarf-with-dsym";
				ENABLE_NS_ASSERTIONS = NO;
				ENABLE_STRICT_OBJC_MSGSEND = YES;
				GCC_C_LANGUAGE_STANDARD = gnu99;
				GCC_NO_COMMON_BLOCKS = YES;
				GCC_WARN_64_TO_32_BIT_CONVERSION = YES;
				GCC_WARN_ABOUT_RETURN_TYPE = YES_ERROR;
				GCC_WARN_UNDECLARED_SELECTOR = YES;
				GCC_WARN_UNINITIALIZED_AUTOS = YES_AGGRESSIVE;
				GCC_WARN_UNUSED_FUNCTION = YES;
				GCC_WARN_UNUSED_VARIABLE = YES;
				IPHONEOS_DEPLOYMENT_TARGET = 9.2;
				MTL_ENABLE_DEBUG_INFO = NO;
				SDKROOT = iphoneos;
				TARGETED_DEVICE_FAMILY = "1,2";
				VALIDATE_PRODUCT = YES;
			};
			name = Release;
		};
		EEBE4C651C565A2C00E8BD24 /* Debug */ = {
			isa = XCBuildConfiguration;
			buildSettings = {
				ASSETCATALOG_COMPILER_APPICON_NAME = AppIcon;
				INFOPLIST_FILE = TestTaskWithJSON/Info.plist;
				LD_RUNPATH_SEARCH_PATHS = "$(inherited) @executable_path/Frameworks";
				PRODUCT_BUNDLE_IDENTIFIER = myOrganization.TestTaskWithJSON;
				PRODUCT_NAME = "$(TARGET_NAME)";
			};
			name = Debug;
		};
		EEBE4C661C565A2C00E8BD24 /* Release */ = {
			isa = XCBuildConfiguration;
			buildSettings = {
				ASSETCATALOG_COMPILER_APPICON_NAME = AppIcon;
				INFOPLIST_FILE = TestTaskWithJSON/Info.plist;
				LD_RUNPATH_SEARCH_PATHS = "$(inherited) @executable_path/Frameworks";
				PRODUCT_BUNDLE_IDENTIFIER = myOrganization.TestTaskWithJSON;
				PRODUCT_NAME = "$(TARGET_NAME)";
			};
			name = Release;
		};
/* End XCBuildConfiguration section */

/* Begin XCConfigurationList section */
		EEBE4C481C565A2B00E8BD24 /* Build configuration list for PBXProject "TestTaskWithJSON" */ = {
			isa = XCConfigurationList;
			buildConfigurations = (
				EEBE4C621C565A2C00E8BD24 /* Debug */,
				EEBE4C631C565A2C00E8BD24 /* Release */,
			);
			defaultConfigurationIsVisible = 0;
			defaultConfigurationName = Release;
		};
		EEBE4C641C565A2C00E8BD24 /* Build configuration list for PBXNativeTarget "TestTaskWithJSON" */ = {
			isa = XCConfigurationList;
			buildConfigurations = (
				EEBE4C651C565A2C00E8BD24 /* Debug */,
				EEBE4C661C565A2C00E8BD24 /* Release */,
			);
			defaultConfigurationIsVisible = 0;
		};
/* End XCConfigurationList section */
	};
	rootObject = EEBE4C451C565A2B00E8BD24 /* Project object */;
}
